
Microsoft Visual Studio Solution File, Format Version 12.00
# Visual Studio Version 16
VisualStudioVersion = 16.0.30330.147
MinimumVisualStudioVersion = 10.0.40219.1
Project("{FAE04EC0-301F-11D3-BF4B-00C04F79EFBC}") = "SearchEngine_TrainTicketMachine", "SearchEngine_TrainTicketMachine\SearchEngine_TrainTicketMachine.csproj", "{78E760FC-BCC5-4E52-AF73-49A712257EE9}"
EndProject
Project("{FAE04EC0-301F-11D3-BF4B-00C04F79EFBC}") = "SearchEngine_TrainTicketMachine.Interface", "SearchEngine_TrainTicketMachine.Interface\SearchEngine_TrainTicketMachine.Interface.csproj", "{97A8DCA3-A584-4715-8894-FC7F4BF3B165}"
EndProject
Project("{FAE04EC0-301F-11D3-BF4B-00C04F79EFBC}") = "SearchEngine_TrainTicketMachine.Respositary", "SearchEngine_TrainTicketMachine.Respositary\SearchEngine_TrainTicketMachine.Respositary.csproj", "{E5867ABE-552D-4C6E-A6FE-5B0837167524}"
EndProject
Project("{FAE04EC0-301F-11D3-BF4B-00C04F79EFBC}") = "TrainTicketMachine-Entites", "TrainTicketMachine-Entites\TrainTicketMachine-Entites.csproj", "{62131C9F-AEF6-4296-A735-5374FF40E133}"
EndProject
Project("{FAE04EC0-301F-11D3-BF4B-00C04F79EFBC}") = "TrainTicketMachine.UnitTestCase", "TrainTicketMachine.UnitTestCase\TrainTicketMachine.UnitTestCase.csproj", "{5E0F0CB3-8A04-4D96-94CE-A8FCB52A8BCF}"
EndProject
Global
	GlobalSection(SolutionConfigurationPlatforms) = preSolution
		Debug|Any CPU = Debug|Any CPU
		Release|Any CPU = Release|Any CPU
	EndGlobalSection
	GlobalSection(ProjectConfigurationPlatforms) = postSolution
		{78E760FC-BCC5-4E52-AF73-49A712257EE9}.Debug|Any CPU.ActiveCfg = Debug|Any CPU
		{78E760FC-BCC5-4E52-AF73-49A712257EE9}.Debug|Any CPU.Build.0 = Debug|Any CPU
		{78E760FC-BCC5-4E52-AF73-49A712257EE9}.Release|Any CPU.ActiveCfg = Release|Any CPU
		{78E760FC-BCC5-4E52-AF73-49A712257EE9}.Release|Any CPU.Build.0 = Release|Any CPU
		{97A8DCA3-A584-4715-8894-FC7F4BF3B165}.Debug|Any CPU.ActiveCfg = Debug|Any CPU
		{97A8DCA3-A584-4715-8894-FC7F4BF3B165}.Debug|Any CPU.Build.0 = Debug|Any CPU
		{97A8DCA3-A584-4715-8894-FC7F4BF3B165}.Release|Any CPU.ActiveCfg = Release|Any CPU
		{97A8DCA3-A584-4715-8894-FC7F4BF3B165}.Release|Any CPU.Build.0 = Release|Any CPU
		{E5867ABE-552D-4C6E-A6FE-5B0837167524}.Debug|Any CPU.ActiveCfg = Debug|Any CPU
		{E5867ABE-552D-4C6E-A6FE-5B0837167524}.Debug|Any CPU.Build.0 = Debug|Any CPU
		{E5867ABE-552D-4C6E-A6FE-5B0837167524}.Release|Any CPU.ActiveCfg = Release|Any CPU
		{E5867ABE-552D-4C6E-A6FE-5B0837167524}.Release|Any CPU.Build.0 = Release|Any CPU
		{62131C9F-AEF6-4296-A735-5374FF40E133}.Debug|Any CPU.ActiveCfg = Debug|Any CPU
		{62131C9F-AEF6-4296-A735-5374FF40E133}.Debug|Any CPU.Build.0 = Debug|Any CPU
		{62131C9F-AEF6-4296-A735-5374FF40E133}.Release|Any CPU.ActiveCfg = Release|Any CPU
		{62131C9F-AEF6-4296-A735-5374FF40E133}.Release|Any CPU.Build.0 = Release|Any CPU
		{5E0F0CB3-8A04-4D96-94CE-A8FCB52A8BCF}.Debug|Any CPU.ActiveCfg = Debug|Any CPU
		{5E0F0CB3-8A04-4D96-94CE-A8FCB52A8BCF}.Debug|Any CPU.Build.0 = Debug|Any CPU
		{5E0F0CB3-8A04-4D96-94CE-A8FCB52A8BCF}.Release|Any CPU.ActiveCfg = Release|Any CPU
		{5E0F0CB3-8A04-4D96-94CE-A8FCB52A8BCF}.Release|Any CPU.Build.0 = Release|Any CPU
	EndGlobalSection
	GlobalSection(SolutionProperties) = preSolution
		HideSolutionNode = FALSE
	EndGlobalSection
	GlobalSection(ExtensibilityGlobals) = postSolution
		SolutionGuid = {34C12B04-B4D2-4A8C-B84A-3D3AB7B90665}
	EndGlobalSection
EndGlobal
